
Microsoft Visual Studio Solution File, Format Version 12.00
# Visual Studio Version 16
VisualStudioVersion = 16.0.30002.166
MinimumVisualStudioVersion = 10.0.40219.1
Project("{FAE04EC0-301F-11D3-BF4B-00C04F79EFBC}") = "1-Domain", "1-Domain\1-Domain.csproj", "{146A05B1-7B54-4BAA-89DF-ECE861089071}"
EndProject
Project("{FAE04EC0-301F-11D3-BF4B-00C04F79EFBC}") = "2-Persistent", "2-Persistent\2-Persistent.csproj", "{1FFB441B-C557-414C-8388-98CD5DE4845F}"
EndProject
Project("{FAE04EC0-301F-11D3-BF4B-00C04F79EFBC}") = "3-Application", "3-Application\3-Application.csproj", "{648B920E-9665-4F02-B00B-14D045F5A1F8}"
EndProject
Project("{FAE04EC0-301F-11D3-BF4B-00C04F79EFBC}") = "4-Infrastructure", "4-Infrastructure\4-Infrastructure.csproj", "{B2714369-0F6B-4FEE-B9B7-9F6297C44C90}"
EndProject
Project("{FAE04EC0-301F-11D3-BF4B-00C04F79EFBC}") = "5-ManufactApp", "5-ManufactApp\5-ManufactApp.csproj", "{57BB6112-7E32-4B2B-987D-0A1BE70310EF}"
EndProject
Global
	GlobalSection(SolutionConfigurationPlatforms) = preSolution
		Debug|Any CPU = Debug|Any CPU
		Release|Any CPU = Release|Any CPU
	EndGlobalSection
	GlobalSection(ProjectConfigurationPlatforms) = postSolution
		{146A05B1-7B54-4BAA-89DF-ECE861089071}.Debug|Any CPU.ActiveCfg = Debug|Any CPU
		{146A05B1-7B54-4BAA-89DF-ECE861089071}.Debug|Any CPU.Build.0 = Debug|Any CPU
		{146A05B1-7B54-4BAA-89DF-ECE861089071}.Release|Any CPU.ActiveCfg = Release|Any CPU
		{146A05B1-7B54-4BAA-89DF-ECE861089071}.Release|Any CPU.Build.0 = Release|Any CPU
		{1FFB441B-C557-414C-8388-98CD5DE4845F}.Debug|Any CPU.ActiveCfg = Debug|Any CPU
		{1FFB441B-C557-414C-8388-98CD5DE4845F}.Debug|Any CPU.Build.0 = Debug|Any CPU
		{1FFB441B-C557-414C-8388-98CD5DE4845F}.Release|Any CPU.ActiveCfg = Release|Any CPU
		{1FFB441B-C557-414C-8388-98CD5DE4845F}.Release|Any CPU.Build.0 = Release|Any CPU
		{648B920E-9665-4F02-B00B-14D045F5A1F8}.Debug|Any CPU.ActiveCfg = Debug|Any CPU
		{648B920E-9665-4F02-B00B-14D045F5A1F8}.Debug|Any CPU.Build.0 = Debug|Any CPU
		{648B920E-9665-4F02-B00B-14D045F5A1F8}.Release|Any CPU.ActiveCfg = Release|Any CPU
		{648B920E-9665-4F02-B00B-14D045F5A1F8}.Release|Any CPU.Build.0 = Release|Any CPU
		{B2714369-0F6B-4FEE-B9B7-9F6297C44C90}.Debug|Any CPU.ActiveCfg = Debug|Any CPU
		{B2714369-0F6B-4FEE-B9B7-9F6297C44C90}.Debug|Any CPU.Build.0 = Debug|Any CPU
		{B2714369-0F6B-4FEE-B9B7-9F6297C44C90}.Release|Any CPU.ActiveCfg = Release|Any CPU
		{B2714369-0F6B-4FEE-B9B7-9F6297C44C90}.Release|Any CPU.Build.0 = Release|Any CPU
		{57BB6112-7E32-4B2B-987D-0A1BE70310EF}.Debug|Any CPU.ActiveCfg = Debug|Any CPU
		{57BB6112-7E32-4B2B-987D-0A1BE70310EF}.Debug|Any CPU.Build.0 = Debug|Any CPU
		{57BB6112-7E32-4B2B-987D-0A1BE70310EF}.Release|Any CPU.ActiveCfg = Release|Any CPU
		{57BB6112-7E32-4B2B-987D-0A1BE70310EF}.Release|Any CPU.Build.0 = Release|Any CPU
	EndGlobalSection
	GlobalSection(SolutionProperties) = preSolution
		HideSolutionNode = FALSE
	EndGlobalSection
	GlobalSection(ExtensibilityGlobals) = postSolution
		SolutionGuid = {064D4BF5-D1AC-4CA8-AC89-E267E1773603}
	EndGlobalSection
EndGlobal
